
Microsoft Visual Studio Solution File, Format Version 11.00
# Visual Studio 2010
Project("{FAE04EC0-301F-11D3-BF4B-00C04F79EFBC}") = "Assembly-CSharp", "Assembly-CSharp.csproj", "{e4c07bd1-dafe-1326-57e2-77942e6fc681}"
EndProject
Project("{FAE04EC0-301F-11D3-BF4B-00C04F79EFBC}") = "Siccity.GLTFUtility", "Siccity.GLTFUtility.csproj", "{b5f1608e-6676-d145-e687-cd9a8f6b4254}"
EndProject
Project("{FAE04EC0-301F-11D3-BF4B-00C04F79EFBC}") = "Assembly-CSharp-firstpass", "Assembly-CSharp-firstpass.csproj", "{c6c1027c-f4b9-c06a-c425-676654e9f621}"
EndProject
Project("{FAE04EC0-301F-11D3-BF4B-00C04F79EFBC}") = "WebView", "WebView.csproj", "{b19a6cec-6521-3700-d0de-5b8cb49d4eb6}"
EndProject
Project("{FAE04EC0-301F-11D3-BF4B-00C04F79EFBC}") = "Siccity.GLTFUtility.Editor", "Siccity.GLTFUtility.Editor.csproj", "{6b8b7fe8-5adb-2108-189b-cf08dc7e5570}"
EndProject
Project("{FAE04EC0-301F-11D3-BF4B-00C04F79EFBC}") = "Assembly-CSharp-Editor-firstpass", "Assembly-CSharp-Editor-firstpass.csproj", "{923ad0bd-6585-5e2d-976b-324019d1533c}"
EndProject
Global
	GlobalSection(SolutionConfigurationPlatforms) = preSolution
		Debug|Any CPU = Debug|Any CPU
	EndGlobalSection
	GlobalSection(ProjectConfigurationPlatforms) = postSolution
		{e4c07bd1-dafe-1326-57e2-77942e6fc681}.Debug|Any CPU.ActiveCfg = Debug|Any CPU
		{e4c07bd1-dafe-1326-57e2-77942e6fc681}.Debug|Any CPU.Build.0 = Debug|Any CPU
		{b5f1608e-6676-d145-e687-cd9a8f6b4254}.Debug|Any CPU.ActiveCfg = Debug|Any CPU
		{b5f1608e-6676-d145-e687-cd9a8f6b4254}.Debug|Any CPU.Build.0 = Debug|Any CPU
		{c6c1027c-f4b9-c06a-c425-676654e9f621}.Debug|Any CPU.ActiveCfg = Debug|Any CPU
		{c6c1027c-f4b9-c06a-c425-676654e9f621}.Debug|Any CPU.Build.0 = Debug|Any CPU
		{b19a6cec-6521-3700-d0de-5b8cb49d4eb6}.Debug|Any CPU.ActiveCfg = Debug|Any CPU
		{b19a6cec-6521-3700-d0de-5b8cb49d4eb6}.Debug|Any CPU.Build.0 = Debug|Any CPU
		{6b8b7fe8-5adb-2108-189b-cf08dc7e5570}.Debug|Any CPU.ActiveCfg = Debug|Any CPU
		{6b8b7fe8-5adb-2108-189b-cf08dc7e5570}.Debug|Any CPU.Build.0 = Debug|Any CPU
		{923ad0bd-6585-5e2d-976b-324019d1533c}.Debug|Any CPU.ActiveCfg = Debug|Any CPU
		{923ad0bd-6585-5e2d-976b-324019d1533c}.Debug|Any CPU.Build.0 = Debug|Any CPU
	EndGlobalSection
	GlobalSection(SolutionProperties) = preSolution
		HideSolutionNode = FALSE
	EndGlobalSection
EndGlobal
