
Microsoft Visual Studio Solution File, Format Version 11.00
# Visual Studio 2010
Project("{FAE04EC0-301F-11D3-BF4B-00C04F79EFBC}") = "Assembly-CSharp", "Assembly-CSharp.csproj", "{29b1ffc3-a455-5bd7-1979-08efca3a64f0}"
EndProject
Project("{FAE04EC0-301F-11D3-BF4B-00C04F79EFBC}") = "Siccity.GLTFUtility", "Siccity.GLTFUtility.csproj", "{1f2d5354-d202-9f95-8edd-b00775e3f4fd}"
EndProject
Project("{FAE04EC0-301F-11D3-BF4B-00C04F79EFBC}") = "Assembly-CSharp-firstpass", "Assembly-CSharp-firstpass.csproj", "{c3364b4c-147f-697c-f76e-85d31df954b6}"
EndProject
Project("{FAE04EC0-301F-11D3-BF4B-00C04F79EFBC}") = "WebView", "WebView.csproj", "{5784c2ca-047a-9c33-3c2d-092e0a2b89d5}"
EndProject
Project("{FAE04EC0-301F-11D3-BF4B-00C04F79EFBC}") = "Siccity.GLTFUtility.Editor", "Siccity.GLTFUtility.Editor.csproj", "{1920657a-7d75-b36b-8cd8-e218096a65e2}"
EndProject
Project("{FAE04EC0-301F-11D3-BF4B-00C04F79EFBC}") = "Assembly-CSharp-Editor-firstpass", "Assembly-CSharp-Editor-firstpass.csproj", "{b8a006d3-b5dc-8c0d-bd2b-2c503a973969}"
EndProject
Global
	GlobalSection(SolutionConfigurationPlatforms) = preSolution
		Debug|Any CPU = Debug|Any CPU
	EndGlobalSection
	GlobalSection(ProjectConfigurationPlatforms) = postSolution
		{29b1ffc3-a455-5bd7-1979-08efca3a64f0}.Debug|Any CPU.ActiveCfg = Debug|Any CPU
		{29b1ffc3-a455-5bd7-1979-08efca3a64f0}.Debug|Any CPU.Build.0 = Debug|Any CPU
		{1f2d5354-d202-9f95-8edd-b00775e3f4fd}.Debug|Any CPU.ActiveCfg = Debug|Any CPU
		{1f2d5354-d202-9f95-8edd-b00775e3f4fd}.Debug|Any CPU.Build.0 = Debug|Any CPU
		{c3364b4c-147f-697c-f76e-85d31df954b6}.Debug|Any CPU.ActiveCfg = Debug|Any CPU
		{c3364b4c-147f-697c-f76e-85d31df954b6}.Debug|Any CPU.Build.0 = Debug|Any CPU
		{5784c2ca-047a-9c33-3c2d-092e0a2b89d5}.Debug|Any CPU.ActiveCfg = Debug|Any CPU
		{5784c2ca-047a-9c33-3c2d-092e0a2b89d5}.Debug|Any CPU.Build.0 = Debug|Any CPU
		{1920657a-7d75-b36b-8cd8-e218096a65e2}.Debug|Any CPU.ActiveCfg = Debug|Any CPU
		{1920657a-7d75-b36b-8cd8-e218096a65e2}.Debug|Any CPU.Build.0 = Debug|Any CPU
		{b8a006d3-b5dc-8c0d-bd2b-2c503a973969}.Debug|Any CPU.ActiveCfg = Debug|Any CPU
		{b8a006d3-b5dc-8c0d-bd2b-2c503a973969}.Debug|Any CPU.Build.0 = Debug|Any CPU
	EndGlobalSection
	GlobalSection(SolutionProperties) = preSolution
		HideSolutionNode = FALSE
	EndGlobalSection
EndGlobal
